<?xml version="1.0" encoding="utf-8"?>
<Project ToolsVersion="4.0" xmlns="http://schemas.microsoft.com/developer/msbuild/2003">
  <ItemGroup>
    <Filter Include="Quelldateien">
      <UniqueIdentifier>{4FC737F1-C7A5-4376-A066-2A32D752A2FF}</UniqueIdentifier>
      <Extensions>cpp;c;cc;cxx;c++;cppm;ixx;def;odl;idl;hpj;bat;asm;asmx</Extensions>
    </Filter>
    <Filter Include="Headerdateien">
      <UniqueIdentifier>{93995380-89BD-4b04-88EB-625FBE52EBFB}</UniqueIdentifier>
      <Extensions>h;hh;hpp;hxx;h++;hm;inl;inc;ipp;xsd</Extensions>
    </Filter>
    <Filter Include="Ressourcendateien">
      <UniqueIdentifier>{67DA6AB6-F800-4c08-8B7A-83BB121AAD01}</UniqueIdentifier>
      <Extensions>rc;ico;cur;bmp;dlg;rc2;rct;bin;rgs;gif;jpg;jpeg;jpe;resx;tiff;tif;png;wav;mfcribbon-ms</Extensions>
    </Filter>
    <Filter Include="Headerdateien\commands">
      <UniqueIdentifier>{fc782c71-6d2e-4b6f-8e2c-605d60b9256b}</UniqueIdentifier>
      <Extensions>
      </Extensions>
    </Filter>
    <Filter Include="Headerdateien\utils">
      <UniqueIdentifier>{fb2b7029-64ad-497d-9fa6-97baa1cedf75}</UniqueIdentifier>
    </Filter>
    <Filter Include="Headerdateien\button_interactions">
      <UniqueIdentifier>{2c7f16fb-56f8-4318-bd6e-bab565ffc7a5}</UniqueIdentifier>
    </Filter>
  </ItemGroup>
  <ItemGroup>
    <ClCompile Include="Beerist5.cpp">
      <Filter>Quelldateien</Filter>
    </ClCompile>
  </ItemGroup>
  <ItemGroup>
    <ClInclude Include="set_bot_game.hpp">
      <Filter>Headerdateien\commands</Filter>
    </ClInclude>
    <ClInclude Include="mock.hpp">
      <Filter>Headerdateien\commands</Filter>
    </ClInclude>
    <ClInclude Include="djutils.hpp">
      <Filter>Headerdateien\utils</Filter>
    </ClInclude>
    <ClInclude Include="beerist.hpp">
      <Filter>Headerdateien\commands</Filter>
    </ClInclude>
    <ClInclude Include="chromosome_counter.hpp">
      <Filter>Headerdateien\commands</Filter>
    </ClInclude>
    <ClInclude Include="rockpaperscissors.hpp">
      <Filter>Headerdateien\commands</Filter>
    </ClInclude>
    <ClInclude Include="ping.hpp">
      <Filter>Headerdateien\commands</Filter>
    </ClInclude>
    <ClInclude Include="urbandict.hpp">
      <Filter>Headerdateien\commands</Filter>
    </ClInclude>
    <ClInclude Include="random-meme.hpp">
      <Filter>Headerdateien\commands</Filter>
    </ClInclude>
    <ClInclude Include="8-ball.hpp">
      <Filter>Headerdateien\commands</Filter>
    </ClInclude>
  </ItemGroup>
</Project>