<?xml version="1.0" encoding="utf-8"?>
<Project ToolsVersion="4.0" xmlns="http://schemas.microsoft.com/developer/msbuild/2003">
  <ItemGroup>
    <Filter Include="Quelldateien">
      <UniqueIdentifier>{4FC737F1-C7A5-4376-A066-2A32D752A2FF}</UniqueIdentifier>
      <Extensions>cpp;c;cc;cxx;c++;cppm;ixx;def;odl;idl;hpj;bat;asm;asmx</Extensions>
    </Filter>
    <Filter Include="Headerdateien">
      <UniqueIdentifier>{93995380-89BD-4b04-88EB-625FBE52EBFB}</UniqueIdentifier>
      <Extensions>h;hh;hpp;hxx;h++;hm;inl;inc;ipp;xsd</Extensions>
    </Filter>
    <Filter Include="Ressourcendateien">
      <UniqueIdentifier>{67DA6AB6-F800-4c08-8B7A-83BB121AAD01}</UniqueIdentifier>
      <Extensions>rc;ico;cur;bmp;dlg;rc2;rct;bin;rgs;gif;jpg;jpeg;jpe;resx;tiff;tif;png;wav;mfcribbon-ms</Extensions>
    </Filter>
    <Filter Include="Headerdateien\utils">
      <UniqueIdentifier>{c6bd7469-fbd8-424a-a737-9a3bff6c5e3e}</UniqueIdentifier>
    </Filter>
    <Filter Include="Quelldateien\commands">
      <UniqueIdentifier>{6d573dfa-b60c-4767-889e-d1ac88ad95ed}</UniqueIdentifier>
    </Filter>
  </ItemGroup>
  <ItemGroup>
    <ClCompile Include="BeeristIX.cpp">
      <Filter>Quelldateien</Filter>
    </ClCompile>
  </ItemGroup>
  <ItemGroup>
    <ClInclude Include="FileUtil.hpp">
      <Filter>Headerdateien\utils</Filter>
    </ClInclude>
    <ClInclude Include="Ping.hpp">
      <Filter>Quelldateien\commands</Filter>
    </ClInclude>
    <ClInclude Include="CommandRegister.hpp">
      <Filter>Quelldateien</Filter>
    </ClInclude>
    <ClInclude Include="Mock.hpp">
      <Filter>Quelldateien\commands</Filter>
    </ClInclude>
    <ClInclude Include="HowGae.hpp">
      <Filter>Quelldateien\commands</Filter>
    </ClInclude>
    <ClInclude Include="MathUtil.hpp">
      <Filter>Headerdateien\utils</Filter>
    </ClInclude>
    <ClInclude Include="GlobalData.hpp">
      <Filter>Headerdateien</Filter>
    </ClInclude>
    <ClInclude Include="MacroUtil.hpp">
      <Filter>Headerdateien\utils</Filter>
    </ClInclude>
    <ClInclude Include="Choose.hpp">
      <Filter>Quelldateien\commands</Filter>
    </ClInclude>
    <ClInclude Include="StringUtil.hpp">
      <Filter>Headerdateien\utils</Filter>
    </ClInclude>
  </ItemGroup>
</Project>